
Microsoft Visual Studio Solution File, Format Version 12.00
# Visual Studio Version 16
VisualStudioVersion = 16.0.31424.327
MinimumVisualStudioVersion = 10.0.40219.1
Project("{9A19103F-16F7-4668-BE54-9A1E7A4F7556}") = "PS.Domain", "PS.Domain\PS.Domain.csproj", "{84DE84C8-6750-4DD3-BCCD-4194F327ABB6}"
EndProject
Project("{9A19103F-16F7-4668-BE54-9A1E7A4F7556}") = "PS.Data", "PS.Data\PS.Data.csproj", "{0E59C7A3-C294-469F-8AE5-DB315AB94AD7}"
EndProject
Project("{9A19103F-16F7-4668-BE54-9A1E7A4F7556}") = "PS.Service", "PS.Service\PS.Service.csproj", "{F3F118EF-5D79-4469-815F-30BED5885098}"
EndProject
Project("{9A19103F-16F7-4668-BE54-9A1E7A4F7556}") = "PS.Console", "PS.Console\PS.Console.csproj", "{13B4125C-EF4E-4B5A-B486-299FD716425C}"
EndProject
Project("{FAE04EC0-301F-11D3-BF4B-00C04F79EFBC}") = "ServicePattern", "ServicePattern\ServicePattern.csproj", "{190B317F-40C7-4397-B744-BBD11FE50072}"
EndProject
Global
	GlobalSection(SolutionConfigurationPlatforms) = preSolution
		Debug|Any CPU = Debug|Any CPU
		Release|Any CPU = Release|Any CPU
	EndGlobalSection
	GlobalSection(ProjectConfigurationPlatforms) = postSolution
		{84DE84C8-6750-4DD3-BCCD-4194F327ABB6}.Debug|Any CPU.ActiveCfg = Debug|Any CPU
		{84DE84C8-6750-4DD3-BCCD-4194F327ABB6}.Debug|Any CPU.Build.0 = Debug|Any CPU
		{84DE84C8-6750-4DD3-BCCD-4194F327ABB6}.Release|Any CPU.ActiveCfg = Release|Any CPU
		{84DE84C8-6750-4DD3-BCCD-4194F327ABB6}.Release|Any CPU.Build.0 = Release|Any CPU
		{0E59C7A3-C294-469F-8AE5-DB315AB94AD7}.Debug|Any CPU.ActiveCfg = Debug|Any CPU
		{0E59C7A3-C294-469F-8AE5-DB315AB94AD7}.Debug|Any CPU.Build.0 = Debug|Any CPU
		{0E59C7A3-C294-469F-8AE5-DB315AB94AD7}.Release|Any CPU.ActiveCfg = Release|Any CPU
		{0E59C7A3-C294-469F-8AE5-DB315AB94AD7}.Release|Any CPU.Build.0 = Release|Any CPU
		{F3F118EF-5D79-4469-815F-30BED5885098}.Debug|Any CPU.ActiveCfg = Debug|Any CPU
		{F3F118EF-5D79-4469-815F-30BED5885098}.Debug|Any CPU.Build.0 = Debug|Any CPU
		{F3F118EF-5D79-4469-815F-30BED5885098}.Release|Any CPU.ActiveCfg = Release|Any CPU
		{F3F118EF-5D79-4469-815F-30BED5885098}.Release|Any CPU.Build.0 = Release|Any CPU
		{13B4125C-EF4E-4B5A-B486-299FD716425C}.Debug|Any CPU.ActiveCfg = Debug|Any CPU
		{13B4125C-EF4E-4B5A-B486-299FD716425C}.Debug|Any CPU.Build.0 = Debug|Any CPU
		{13B4125C-EF4E-4B5A-B486-299FD716425C}.Release|Any CPU.ActiveCfg = Release|Any CPU
		{13B4125C-EF4E-4B5A-B486-299FD716425C}.Release|Any CPU.Build.0 = Release|Any CPU
		{190B317F-40C7-4397-B744-BBD11FE50072}.Debug|Any CPU.ActiveCfg = Debug|Any CPU
		{190B317F-40C7-4397-B744-BBD11FE50072}.Debug|Any CPU.Build.0 = Debug|Any CPU
		{190B317F-40C7-4397-B744-BBD11FE50072}.Release|Any CPU.ActiveCfg = Release|Any CPU
		{190B317F-40C7-4397-B744-BBD11FE50072}.Release|Any CPU.Build.0 = Release|Any CPU
	EndGlobalSection
	GlobalSection(SolutionProperties) = preSolution
		HideSolutionNode = FALSE
	EndGlobalSection
	GlobalSection(ExtensibilityGlobals) = postSolution
		SolutionGuid = {46D3B0AD-3938-4759-8853-1B6CBECCA98F}
	EndGlobalSection
EndGlobal
