
Microsoft Visual Studio Solution File, Format Version 12.00
# Visual Studio Version 16
VisualStudioVersion = 16.0.31702.278
MinimumVisualStudioVersion = 10.0.40219.1
Project("{9A19103F-16F7-4668-BE54-9A1E7A4F7556}") = "PS.Console", "PS.Console\PS.Console.csproj", "{3C570277-49DE-4F46-B9D1-2F52840ECCEC}"
EndProject
Project("{9A19103F-16F7-4668-BE54-9A1E7A4F7556}") = "PS.Domain", "PS.Domain\PS.Domain.csproj", "{C2D9B3B6-140A-47BB-94C6-7EAC3491D7C4}"
EndProject
Project("{9A19103F-16F7-4668-BE54-9A1E7A4F7556}") = "Ps.Service", "Ps.Service\Ps.Service.csproj", "{1A43B7CB-8C9B-468E-9843-B7AD84EDE575}"
EndProject
Project("{FAE04EC0-301F-11D3-BF4B-00C04F79EFBC}") = "PS.Data", "PS.Data\PS.Data.csproj", "{97AB74B4-21C2-4C34-A69C-754CBEC588DD}"
EndProject
Global
	GlobalSection(SolutionConfigurationPlatforms) = preSolution
		Debug|Any CPU = Debug|Any CPU
		Release|Any CPU = Release|Any CPU
	EndGlobalSection
	GlobalSection(ProjectConfigurationPlatforms) = postSolution
		{3C570277-49DE-4F46-B9D1-2F52840ECCEC}.Debug|Any CPU.ActiveCfg = Debug|Any CPU
		{3C570277-49DE-4F46-B9D1-2F52840ECCEC}.Debug|Any CPU.Build.0 = Debug|Any CPU
		{3C570277-49DE-4F46-B9D1-2F52840ECCEC}.Release|Any CPU.ActiveCfg = Release|Any CPU
		{3C570277-49DE-4F46-B9D1-2F52840ECCEC}.Release|Any CPU.Build.0 = Release|Any CPU
		{C2D9B3B6-140A-47BB-94C6-7EAC3491D7C4}.Debug|Any CPU.ActiveCfg = Debug|Any CPU
		{C2D9B3B6-140A-47BB-94C6-7EAC3491D7C4}.Debug|Any CPU.Build.0 = Debug|Any CPU
		{C2D9B3B6-140A-47BB-94C6-7EAC3491D7C4}.Release|Any CPU.ActiveCfg = Release|Any CPU
		{C2D9B3B6-140A-47BB-94C6-7EAC3491D7C4}.Release|Any CPU.Build.0 = Release|Any CPU
		{1A43B7CB-8C9B-468E-9843-B7AD84EDE575}.Debug|Any CPU.ActiveCfg = Debug|Any CPU
		{1A43B7CB-8C9B-468E-9843-B7AD84EDE575}.Debug|Any CPU.Build.0 = Debug|Any CPU
		{1A43B7CB-8C9B-468E-9843-B7AD84EDE575}.Release|Any CPU.ActiveCfg = Release|Any CPU
		{1A43B7CB-8C9B-468E-9843-B7AD84EDE575}.Release|Any CPU.Build.0 = Release|Any CPU
		{97AB74B4-21C2-4C34-A69C-754CBEC588DD}.Debug|Any CPU.ActiveCfg = Debug|Any CPU
		{97AB74B4-21C2-4C34-A69C-754CBEC588DD}.Debug|Any CPU.Build.0 = Debug|Any CPU
		{97AB74B4-21C2-4C34-A69C-754CBEC588DD}.Release|Any CPU.ActiveCfg = Release|Any CPU
		{97AB74B4-21C2-4C34-A69C-754CBEC588DD}.Release|Any CPU.Build.0 = Release|Any CPU
	EndGlobalSection
	GlobalSection(SolutionProperties) = preSolution
		HideSolutionNode = FALSE
	EndGlobalSection
	GlobalSection(ExtensibilityGlobals) = postSolution
		SolutionGuid = {D0F4CACC-0E37-41B0-ACE0-9A9662C903D6}
	EndGlobalSection
EndGlobal
